// !$*UTF8*$!
{
	archiveVersion = 1;
	classes = {
	};
	objectVersion = 50;
	objects = {

/* Begin PBXBuildFile section */
		2F64C87920890F1200320911 /* DetailTableViewController.swift in Sources */ = {isa = PBXBuildFile; fileRef = 2F64C87820890F1200320911 /* DetailTableViewController.swift */; };
		2F64C87B2089197200320911 /* DetailTableViewCell.swift in Sources */ = {isa = PBXBuildFile; fileRef = 2F64C87A2089197200320911 /* DetailTableViewCell.swift */; };
		2F8B5A02208781D800CA0142 /* AppDelegate.swift in Sources */ = {isa = PBXBuildFile; fileRef = 2F8B5A01208781D800CA0142 /* AppDelegate.swift */; };
		2F8B5A07208781D800CA0142 /* Main.storyboard in Resources */ = {isa = PBXBuildFile; fileRef = 2F8B5A05208781D800CA0142 /* Main.storyboard */; };
		2F8B5A09208781D900CA0142 /* Assets.xcassets in Resources */ = {isa = PBXBuildFile; fileRef = 2F8B5A08208781D900CA0142 /* Assets.xcassets */; };
		2F8B5A0C208781D900CA0142 /* LaunchScreen.storyboard in Resources */ = {isa = PBXBuildFile; fileRef = 2F8B5A0A208781D900CA0142 /* LaunchScreen.storyboard */; };
		2F8B5A17208781DA00CA0142 /* dextraTestTests.swift in Sources */ = {isa = PBXBuildFile; fileRef = 2F8B5A16208781DA00CA0142 /* dextraTestTests.swift */; };
		2F8B5A22208781DA00CA0142 /* dextraTestUITests.swift in Sources */ = {isa = PBXBuildFile; fileRef = 2F8B5A21208781DA00CA0142 /* dextraTestUITests.swift */; };
		2FF34C3D20878332009B0A2E /* Request.swift in Sources */ = {isa = PBXBuildFile; fileRef = 2FF34C3C20878332009B0A2E /* Request.swift */; };
		2FF34C4020878834009B0A2E /* Parser.swift in Sources */ = {isa = PBXBuildFile; fileRef = 2FF34C3F20878834009B0A2E /* Parser.swift */; };
		2FF34C4320878B7F009B0A2E /* People.swift in Sources */ = {isa = PBXBuildFile; fileRef = 2FF34C4220878B7F009B0A2E /* People.swift */; };
		2FF34C4520878C17009B0A2E /* Repositories.swift in Sources */ = {isa = PBXBuildFile; fileRef = 2FF34C4420878C17009B0A2E /* Repositories.swift */; };
		2FF34C482087B49F009B0A2E /* PersonTableViewCell.swift in Sources */ = {isa = PBXBuildFile; fileRef = 2FF34C472087B49F009B0A2E /* PersonTableViewCell.swift */; };
		2FF34C4A2087B935009B0A2E /* PeopleTableViewController.swift in Sources */ = {isa = PBXBuildFile; fileRef = 2FF34C492087B935009B0A2E /* PeopleTableViewController.swift */; };
		E0363E876770D29EC2932286 /* Pods_dextraTest.framework in Frameworks */ = {isa = PBXBuildFile; fileRef = 69F8747ECFF1F84197B4B2F2 /* Pods_dextraTest.framework */; };
/* End PBXBuildFile section */

/* Begin PBXContainerItemProxy section */
		2F8B5A13208781DA00CA0142 /* PBXContainerItemProxy */ = {
			isa = PBXContainerItemProxy;
			containerPortal = 2F8B59F6208781D800CA0142 /* Project object */;
			proxyType = 1;
			remoteGlobalIDString = 2F8B59FD208781D800CA0142;
			remoteInfo = dextraTest;
		};
		2F8B5A1E208781DA00CA0142 /* PBXContainerItemProxy */ = {
			isa = PBXContainerItemProxy;
			containerPortal = 2F8B59F6208781D800CA0142 /* Project object */;
			proxyType = 1;
			remoteGlobalIDString = 2F8B59FD208781D800CA0142;
			remoteInfo = dextraTest;
		};
/* End PBXContainerItemProxy section */

/* Begin PBXFileReference section */
		2F64C87820890F1200320911 /* DetailTableViewController.swift */ = {isa = PBXFileReference; lastKnownFileType = sourcecode.swift; path = DetailTableViewController.swift; sourceTree = "<group>"; };
		2F64C87A2089197200320911 /* DetailTableViewCell.swift */ = {isa = PBXFileReference; lastKnownFileType = sourcecode.swift; path = DetailTableViewCell.swift; sourceTree = "<group>"; };
		2F8B59FE208781D800CA0142 /* dextraTest.app */ = {isa = PBXFileReference; explicitFileType = wrapper.application; includeInIndex = 0; path = dextraTest.app; sourceTree = BUILT_PRODUCTS_DIR; };
		2F8B5A01208781D800CA0142 /* AppDelegate.swift */ = {isa = PBXFileReference; lastKnownFileType = sourcecode.swift; path = AppDelegate.swift; sourceTree = "<group>"; };
		2F8B5A06208781D800CA0142 /* Base */ = {isa = PBXFileReference; lastKnownFileType = file.storyboard; name = Base; path = Base.lproj/Main.storyboard; sourceTree = "<group>"; };
		2F8B5A08208781D900CA0142 /* Assets.xcassets */ = {isa = PBXFileReference; lastKnownFileType = folder.assetcatalog; path = Assets.xcassets; sourceTree = "<group>"; };
		2F8B5A0B208781D900CA0142 /* Base */ = {isa = PBXFileReference; lastKnownFileType = file.storyboard; name = Base; path = Base.lproj/LaunchScreen.storyboard; sourceTree = "<group>"; };
		2F8B5A0D208781D900CA0142 /* Info.plist */ = {isa = PBXFileReference; lastKnownFileType = text.plist.xml; path = Info.plist; sourceTree = "<group>"; };
		2F8B5A12208781DA00CA0142 /* dextraTestTests.xctest */ = {isa = PBXFileReference; explicitFileType = wrapper.cfbundle; includeInIndex = 0; path = dextraTestTests.xctest; sourceTree = BUILT_PRODUCTS_DIR; };
		2F8B5A16208781DA00CA0142 /* dextraTestTests.swift */ = {isa = PBXFileReference; lastKnownFileType = sourcecode.swift; path = dextraTestTests.swift; sourceTree = "<group>"; };
		2F8B5A18208781DA00CA0142 /* Info.plist */ = {isa = PBXFileReference; lastKnownFileType = text.plist.xml; path = Info.plist; sourceTree = "<group>"; };
		2F8B5A1D208781DA00CA0142 /* dextraTestUITests.xctest */ = {isa = PBXFileReference; explicitFileType = wrapper.cfbundle; includeInIndex = 0; path = dextraTestUITests.xctest; sourceTree = BUILT_PRODUCTS_DIR; };
		2F8B5A21208781DA00CA0142 /* dextraTestUITests.swift */ = {isa = PBXFileReference; lastKnownFileType = sourcecode.swift; path = dextraTestUITests.swift; sourceTree = "<group>"; };
		2F8B5A23208781DA00CA0142 /* Info.plist */ = {isa = PBXFileReference; lastKnownFileType = text.plist.xml; path = Info.plist; sourceTree = "<group>"; };
		2FF34C3C20878332009B0A2E /* Request.swift */ = {isa = PBXFileReference; lastKnownFileType = sourcecode.swift; path = Request.swift; sourceTree = "<group>"; };
		2FF34C3E208785AF009B0A2E /* dextraTest-Bridging-Header.h */ = {isa = PBXFileReference; lastKnownFileType = sourcecode.c.h; path = "dextraTest-Bridging-Header.h"; sourceTree = "<group>"; };
		2FF34C3F20878834009B0A2E /* Parser.swift */ = {isa = PBXFileReference; lastKnownFileType = sourcecode.swift; path = Parser.swift; sourceTree = "<group>"; };
		2FF34C4220878B7F009B0A2E /* People.swift */ = {isa = PBXFileReference; lastKnownFileType = sourcecode.swift; path = People.swift; sourceTree = "<group>"; };
		2FF34C4420878C17009B0A2E /* Repositories.swift */ = {isa = PBXFileReference; lastKnownFileType = sourcecode.swift; path = Repositories.swift; sourceTree = "<group>"; };
		2FF34C472087B49F009B0A2E /* PersonTableViewCell.swift */ = {isa = PBXFileReference; lastKnownFileType = sourcecode.swift; path = PersonTableViewCell.swift; sourceTree = "<group>"; };
		2FF34C492087B935009B0A2E /* PeopleTableViewController.swift */ = {isa = PBXFileReference; lastKnownFileType = sourcecode.swift; path = PeopleTableViewController.swift; sourceTree = "<group>"; };
		48E58732DE0E1DBE94250C93 /* Pods-dextraTest.debug.xcconfig */ = {isa = PBXFileReference; includeInIndex = 1; lastKnownFileType = text.xcconfig; name = "Pods-dextraTest.debug.xcconfig"; path = "Pods/Target Support Files/Pods-dextraTest/Pods-dextraTest.debug.xcconfig"; sourceTree = "<group>"; };
		69F8747ECFF1F84197B4B2F2 /* Pods_dextraTest.framework */ = {isa = PBXFileReference; explicitFileType = wrapper.framework; includeInIndex = 0; path = Pods_dextraTest.framework; sourceTree = BUILT_PRODUCTS_DIR; };
		D6B50707EE75BD2A5F95E927 /* Pods-dextraTest.release.xcconfig */ = {isa = PBXFileReference; includeInIndex = 1; lastKnownFileType = text.xcconfig; name = "Pods-dextraTest.release.xcconfig"; path = "Pods/Target Support Files/Pods-dextraTest/Pods-dextraTest.release.xcconfig"; sourceTree = "<group>"; };
/* End PBXFileReference section */

/* Begin PBXFrameworksBuildPhase section */
		2F8B59FB208781D800CA0142 /* Frameworks */ = {
			isa = PBXFrameworksBuildPhase;
			buildActionMask = 2147483647;
			files = (
				E0363E876770D29EC2932286 /* Pods_dextraTest.framework in Frameworks */,
			);
			runOnlyForDeploymentPostprocessing = 0;
		};
		2F8B5A0F208781DA00CA0142 /* Frameworks */ = {
			isa = PBXFrameworksBuildPhase;
			buildActionMask = 2147483647;
			files = (
			);
			runOnlyForDeploymentPostprocessing = 0;
		};
		2F8B5A1A208781DA00CA0142 /* Frameworks */ = {
			isa = PBXFrameworksBuildPhase;
			buildActionMask = 2147483647;
			files = (
			);
			runOnlyForDeploymentPostprocessing = 0;
		};
/* End PBXFrameworksBuildPhase section */

/* Begin PBXGroup section */
		2F8B59F5208781D800CA0142 = {
			isa = PBXGroup;
			children = (
				2F8B5A00208781D800CA0142 /* dextraTest */,
				2F8B5A15208781DA00CA0142 /* dextraTestTests */,
				2F8B5A20208781DA00CA0142 /* dextraTestUITests */,
				2F8B59FF208781D800CA0142 /* Products */,
				659B4925DAAD666CD1185B21 /* Pods */,
				5E58390CF813FC1627C4DB2C /* Frameworks */,
			);
			sourceTree = "<group>";
		};
		2F8B59FF208781D800CA0142 /* Products */ = {
			isa = PBXGroup;
			children = (
				2F8B59FE208781D800CA0142 /* dextraTest.app */,
				2F8B5A12208781DA00CA0142 /* dextraTestTests.xctest */,
				2F8B5A1D208781DA00CA0142 /* dextraTestUITests.xctest */,
			);
			name = Products;
			sourceTree = "<group>";
		};
		2F8B5A00208781D800CA0142 /* dextraTest */ = {
			isa = PBXGroup;
			children = (
				2FF34C462087B437009B0A2E /* Views */,
				2FF34C3B2087830E009B0A2E /* Core */,
				2FF34C4120878B5A009B0A2E /* Objects */,
				2F8B5A05208781D800CA0142 /* Main.storyboard */,
				2FF34C3E208785AF009B0A2E /* dextraTest-Bridging-Header.h */,
				2F8B5A08208781D900CA0142 /* Assets.xcassets */,
				2F8B5A0A208781D900CA0142 /* LaunchScreen.storyboard */,
				2F8B5A0D208781D900CA0142 /* Info.plist */,
			);
			path = dextraTest;
			sourceTree = "<group>";
		};
		2F8B5A15208781DA00CA0142 /* dextraTestTests */ = {
			isa = PBXGroup;
			children = (
				2F8B5A16208781DA00CA0142 /* dextraTestTests.swift */,
				2F8B5A18208781DA00CA0142 /* Info.plist */,
			);
			path = dextraTestTests;
			sourceTree = "<group>";
		};
		2F8B5A20208781DA00CA0142 /* dextraTestUITests */ = {
			isa = PBXGroup;
			children = (
				2F8B5A21208781DA00CA0142 /* dextraTestUITests.swift */,
				2F8B5A23208781DA00CA0142 /* Info.plist */,
			);
			path = dextraTestUITests;
			sourceTree = "<group>";
		};
		2FF34C3B2087830E009B0A2E /* Core */ = {
			isa = PBXGroup;
			children = (
				2F8B5A01208781D800CA0142 /* AppDelegate.swift */,
				2FF34C3C20878332009B0A2E /* Request.swift */,
				2FF34C3F20878834009B0A2E /* Parser.swift */,
			);
			path = Core;
			sourceTree = "<group>";
		};
		2FF34C4120878B5A009B0A2E /* Objects */ = {
			isa = PBXGroup;
			children = (
				2FF34C4220878B7F009B0A2E /* People.swift */,
				2FF34C4420878C17009B0A2E /* Repositories.swift */,
			);
			path = Objects;
			sourceTree = "<group>";
		};
		2FF34C462087B437009B0A2E /* Views */ = {
			isa = PBXGroup;
			children = (
				2FF34C472087B49F009B0A2E /* PersonTableViewCell.swift */,
				2FF34C492087B935009B0A2E /* PeopleTableViewController.swift */,
				2F64C87A2089197200320911 /* DetailTableViewCell.swift */,
				2F64C87820890F1200320911 /* DetailTableViewController.swift */,
			);
			path = Views;
			sourceTree = "<group>";
		};
		5E58390CF813FC1627C4DB2C /* Frameworks */ = {
			isa = PBXGroup;
			children = (
				69F8747ECFF1F84197B4B2F2 /* Pods_dextraTest.framework */,
			);
			name = Frameworks;
			sourceTree = "<group>";
		};
		659B4925DAAD666CD1185B21 /* Pods */ = {
			isa = PBXGroup;
			children = (
				48E58732DE0E1DBE94250C93 /* Pods-dextraTest.debug.xcconfig */,
				D6B50707EE75BD2A5F95E927 /* Pods-dextraTest.release.xcconfig */,
			);
			name = Pods;
			sourceTree = "<group>";
		};
/* End PBXGroup section */

/* Begin PBXNativeTarget section */
		2F8B59FD208781D800CA0142 /* dextraTest */ = {
			isa = PBXNativeTarget;
			buildConfigurationList = 2F8B5A26208781DA00CA0142 /* Build configuration list for PBXNativeTarget "dextraTest" */;
			buildPhases = (
				10E7B82E88DBE6DB3C8C0250 /* [CP] Check Pods Manifest.lock */,
				2F8B59FA208781D800CA0142 /* Sources */,
				2F8B59FB208781D800CA0142 /* Frameworks */,
				2F8B59FC208781D800CA0142 /* Resources */,
				B16CCA287FB8609DB02EDEF3 /* [CP] Embed Pods Frameworks */,
			);
			buildRules = (
			);
			dependencies = (
			);
			name = dextraTest;
			productName = dextraTest;
			productReference = 2F8B59FE208781D800CA0142 /* dextraTest.app */;
			productType = "com.apple.product-type.application";
		};
		2F8B5A11208781DA00CA0142 /* dextraTestTests */ = {
			isa = PBXNativeTarget;
			buildConfigurationList = 2F8B5A29208781DA00CA0142 /* Build configuration list for PBXNativeTarget "dextraTestTests" */;
			buildPhases = (
				2F8B5A0E208781DA00CA0142 /* Sources */,
				2F8B5A0F208781DA00CA0142 /* Frameworks */,
				2F8B5A10208781DA00CA0142 /* Resources */,
			);
			buildRules = (
			);
			dependencies = (
				2F8B5A14208781DA00CA0142 /* PBXTargetDependency */,
			);
			name = dextraTestTests;
			productName = dextraTestTests;
			productReference = 2F8B5A12208781DA00CA0142 /* dextraTestTests.xctest */;
			productType = "com.apple.product-type.bundle.unit-test";
		};
		2F8B5A1C208781DA00CA0142 /* dextraTestUITests */ = {
			isa = PBXNativeTarget;
			buildConfigurationList = 2F8B5A2C208781DA00CA0142 /* Build configuration list for PBXNativeTarget "dextraTestUITests" */;
			buildPhases = (
				2F8B5A19208781DA00CA0142 /* Sources */,
				2F8B5A1A208781DA00CA0142 /* Frameworks */,
				2F8B5A1B208781DA00CA0142 /* Resources */,
			);
			buildRules = (
			);
			dependencies = (
				2F8B5A1F208781DA00CA0142 /* PBXTargetDependency */,
			);
			name = dextraTestUITests;
			productName = dextraTestUITests;
			productReference = 2F8B5A1D208781DA00CA0142 /* dextraTestUITests.xctest */;
			productType = "com.apple.product-type.bundle.ui-testing";
		};
/* End PBXNativeTarget section */

/* Begin PBXProject section */
		2F8B59F6208781D800CA0142 /* Project object */ = {
			isa = PBXProject;
			attributes = {
				LastSwiftUpdateCheck = 0930;
				LastUpgradeCheck = 0930;
				ORGANIZATIONNAME = mattcbr;
				TargetAttributes = {
					2F8B59FD208781D800CA0142 = {
						CreatedOnToolsVersion = 9.3;
					};
					2F8B5A11208781DA00CA0142 = {
						CreatedOnToolsVersion = 9.3;
						TestTargetID = 2F8B59FD208781D800CA0142;
					};
					2F8B5A1C208781DA00CA0142 = {
						CreatedOnToolsVersion = 9.3;
						TestTargetID = 2F8B59FD208781D800CA0142;
					};
				};
			};
			buildConfigurationList = 2F8B59F9208781D800CA0142 /* Build configuration list for PBXProject "dextraTest" */;
			compatibilityVersion = "Xcode 9.3";
			developmentRegion = en;
			hasScannedForEncodings = 0;
			knownRegions = (
				en,
				Base,
			);
			mainGroup = 2F8B59F5208781D800CA0142;
			productRefGroup = 2F8B59FF208781D800CA0142 /* Products */;
			projectDirPath = "";
			projectRoot = "";
			targets = (
				2F8B59FD208781D800CA0142 /* dextraTest */,
				2F8B5A11208781DA00CA0142 /* dextraTestTests */,
				2F8B5A1C208781DA00CA0142 /* dextraTestUITests */,
			);
		};
/* End PBXProject section */

/* Begin PBXResourcesBuildPhase section */
		2F8B59FC208781D800CA0142 /* Resources */ = {
			isa = PBXResourcesBuildPhase;
			buildActionMask = 2147483647;
			files = (
				2F8B5A0C208781D900CA0142 /* LaunchScreen.storyboard in Resources */,
				2F8B5A09208781D900CA0142 /* Assets.xcassets in Resources */,
				2F8B5A07208781D800CA0142 /* Main.storyboard in Resources */,
			);
			runOnlyForDeploymentPostprocessing = 0;
		};
		2F8B5A10208781DA00CA0142 /* Resources */ = {
			isa = PBXResourcesBuildPhase;
			buildActionMask = 2147483647;
			files = (
			);
			runOnlyForDeploymentPostprocessing = 0;
		};
		2F8B5A1B208781DA00CA0142 /* Resources */ = {
			isa = PBXResourcesBuildPhase;
			buildActionMask = 2147483647;
			files = (
			);
			runOnlyForDeploymentPostprocessing = 0;
		};
/* End PBXResourcesBuildPhase section */

/* Begin PBXShellScriptBuildPhase section */
		10E7B82E88DBE6DB3C8C0250 /* [CP] Check Pods Manifest.lock */ = {
			isa = PBXShellScriptBuildPhase;
			buildActionMask = 2147483647;
			files = (
			);
			inputPaths = (
				"${PODS_PODFILE_DIR_PATH}/Podfile.lock",
				"${PODS_ROOT}/Manifest.lock",
			);
			name = "[CP] Check Pods Manifest.lock";
			outputPaths = (
				"$(DERIVED_FILE_DIR)/Pods-dextraTest-checkManifestLockResult.txt",
			);
			runOnlyForDeploymentPostprocessing = 0;
			shellPath = /bin/sh;
			shellScript = "diff \"${PODS_PODFILE_DIR_PATH}/Podfile.lock\" \"${PODS_ROOT}/Manifest.lock\" > /dev/null\nif [ $? != 0 ] ; then\n    # print error to STDERR\n    echo \"error: The sandbox is not in sync with the Podfile.lock. Run 'pod install' or update your CocoaPods installation.\" >&2\n    exit 1\nfi\n# This output is used by Xcode 'outputs' to avoid re-running this script phase.\necho \"SUCCESS\" > \"${SCRIPT_OUTPUT_FILE_0}\"\n";
			showEnvVarsInLog = 0;
		};
		B16CCA287FB8609DB02EDEF3 /* [CP] Embed Pods Frameworks */ = {
			isa = PBXShellScriptBuildPhase;
			buildActionMask = 2147483647;
			files = (
			);
			inputPaths = (
				"${SRCROOT}/Pods/Target Support Files/Pods-dextraTest/Pods-dextraTest-frameworks.sh",
				"${BUILT_PRODUCTS_DIR}/Alamofire/Alamofire.framework",
				"${BUILT_PRODUCTS_DIR}/AlamofireImage/AlamofireImage.framework",
			);
			name = "[CP] Embed Pods Frameworks";
			outputPaths = (
				"${TARGET_BUILD_DIR}/${FRAMEWORKS_FOLDER_PATH}/Alamofire.framework",
				"${TARGET_BUILD_DIR}/${FRAMEWORKS_FOLDER_PATH}/AlamofireImage.framework",
			);
			runOnlyForDeploymentPostprocessing = 0;
			shellPath = /bin/sh;
			shellScript = "\"${SRCROOT}/Pods/Target Support Files/Pods-dextraTest/Pods-dextraTest-frameworks.sh\"\n";
			showEnvVarsInLog = 0;
		};
/* End PBXShellScriptBuildPhase section */

/* Begin PBXSourcesBuildPhase section */
		2F8B59FA208781D800CA0142 /* Sources */ = {
			isa = PBXSourcesBuildPhase;
			buildActionMask = 2147483647;
			files = (
				2F64C87B2089197200320911 /* DetailTableViewCell.swift in Sources */,
				2FF34C4020878834009B0A2E /* Parser.swift in Sources */,
				2FF34C3D20878332009B0A2E /* Request.swift in Sources */,
				2F8B5A02208781D800CA0142 /* AppDelegate.swift in Sources */,
				2FF34C4320878B7F009B0A2E /* People.swift in Sources */,
				2F64C87920890F1200320911 /* DetailTableViewController.swift in Sources */,
				2FF34C482087B49F009B0A2E /* PersonTableViewCell.swift in Sources */,
				2FF34C4A2087B935009B0A2E /* PeopleTableViewController.swift in Sources */,
				2FF34C4520878C17009B0A2E /* Repositories.swift in Sources */,
			);
			runOnlyForDeploymentPostprocessing = 0;
		};
		2F8B5A0E208781DA00CA0142 /* Sources */ = {
			isa = PBXSourcesBuildPhase;
			buildActionMask = 2147483647;
			files = (
				2F8B5A17208781DA00CA0142 /* dextraTestTests.swift in Sources */,
			);
			runOnlyForDeploymentPostprocessing = 0;
		};
		2F8B5A19208781DA00CA0142 /* Sources */ = {
			isa = PBXSourcesBuildPhase;
			buildActionMask = 2147483647;
			files = (
				2F8B5A22208781DA00CA0142 /* dextraTestUITests.swift in Sources */,
			);
			runOnlyForDeploymentPostprocessing = 0;
		};
/* End PBXSourcesBuildPhase section */

/* Begin PBXTargetDependency section */
		2F8B5A14208781DA00CA0142 /* PBXTargetDependency */ = {
			isa = PBXTargetDependency;
			target = 2F8B59FD208781D800CA0142 /* dextraTest */;
			targetProxy = 2F8B5A13208781DA00CA0142 /* PBXContainerItemProxy */;
		};
		2F8B5A1F208781DA00CA0142 /* PBXTargetDependency */ = {
			isa = PBXTargetDependency;
			target = 2F8B59FD208781D800CA0142 /* dextraTest */;
			targetProxy = 2F8B5A1E208781DA00CA0142 /* PBXContainerItemProxy */;
		};
/* End PBXTargetDependency section */

/* Begin PBXVariantGroup section */
		2F8B5A05208781D800CA0142 /* Main.storyboard */ = {
			isa = PBXVariantGroup;
			children = (
				2F8B5A06208781D800CA0142 /* Base */,
			);
			name = Main.storyboard;
			sourceTree = "<group>";
		};
		2F8B5A0A208781D900CA0142 /* LaunchScreen.storyboard */ = {
			isa = PBXVariantGroup;
			children = (
				2F8B5A0B208781D900CA0142 /* Base */,
			);
			name = LaunchScreen.storyboard;
			sourceTree = "<group>";
		};
/* End PBXVariantGroup section */

/* Begin XCBuildConfiguration section */
		2F8B5A24208781DA00CA0142 /* Debug */ = {
			isa = XCBuildConfiguration;
			buildSettings = {
				ALWAYS_SEARCH_USER_PATHS = NO;
				CLANG_ANALYZER_NONNULL = YES;
				CLANG_ANALYZER_NUMBER_OBJECT_CONVERSION = YES_AGGRESSIVE;
				CLANG_CXX_LANGUAGE_STANDARD = "gnu++14";
				CLANG_CXX_LIBRARY = "libc++";
				CLANG_ENABLE_MODULES = YES;
				CLANG_ENABLE_OBJC_ARC = YES;
				CLANG_ENABLE_OBJC_WEAK = YES;
				CLANG_WARN_BLOCK_CAPTURE_AUTORELEASING = YES;
				CLANG_WARN_BOOL_CONVERSION = YES;
				CLANG_WARN_COMMA = YES;
				CLANG_WARN_CONSTANT_CONVERSION = YES;
				CLANG_WARN_DEPRECATED_OBJC_IMPLEMENTATIONS = YES;
				CLANG_WARN_DIRECT_OBJC_ISA_USAGE = YES_ERROR;
				CLANG_WARN_DOCUMENTATION_COMMENTS = YES;
				CLANG_WARN_EMPTY_BODY = YES;
				CLANG_WARN_ENUM_CONVERSION = YES;
				CLANG_WARN_INFINITE_RECURSION = YES;
				CLANG_WARN_INT_CONVERSION = YES;
				CLANG_WARN_NON_LITERAL_NULL_CONVERSION = YES;
				CLANG_WARN_OBJC_IMPLICIT_RETAIN_SELF = YES;
				CLANG_WARN_OBJC_LITERAL_CONVERSION = YES;
				CLANG_WARN_OBJC_ROOT_CLASS = YES_ERROR;
				CLANG_WARN_RANGE_LOOP_ANALYSIS = YES;
				CLANG_WARN_STRICT_PROTOTYPES = YES;
				CLANG_WARN_SUSPICIOUS_MOVE = YES;
				CLANG_WARN_UNGUARDED_AVAILABILITY = YES_AGGRESSIVE;
				CLANG_WARN_UNREACHABLE_CODE = YES;
				CLANG_WARN__DUPLICATE_METHOD_MATCH = YES;
				CODE_SIGN_IDENTITY = "iPhone Developer";
				COPY_PHASE_STRIP = NO;
				DEBUG_INFORMATION_FORMAT = dwarf;
				ENABLE_STRICT_OBJC_MSGSEND = YES;
				ENABLE_TESTABILITY = YES;
				GCC_C_LANGUAGE_STANDARD = gnu11;
				GCC_DYNAMIC_NO_PIC = NO;
				GCC_NO_COMMON_BLOCKS = YES;
				GCC_OPTIMIZATION_LEVEL = 0;
				GCC_PREPROCESSOR_DEFINITIONS = (
					"DEBUG=1",
					"$(inherited)",
				);
				GCC_WARN_64_TO_32_BIT_CONVERSION = YES;
				GCC_WARN_ABOUT_RETURN_TYPE = YES_ERROR;
				GCC_WARN_UNDECLARED_SELECTOR = YES;
				GCC_WARN_UNINITIALIZED_AUTOS = YES_AGGRESSIVE;
				GCC_WARN_UNUSED_FUNCTION = YES;
				GCC_WARN_UNUSED_VARIABLE = YES;
				IPHONEOS_DEPLOYMENT_TARGET = 11.3;
				MTL_ENABLE_DEBUG_INFO = YES;
				ONLY_ACTIVE_ARCH = YES;
				SDKROOT = iphoneos;
				SWIFT_ACTIVE_COMPILATION_CONDITIONS = DEBUG;
				SWIFT_OPTIMIZATION_LEVEL = "-Onone";
			};
			name = Debug;
		};
		2F8B5A25208781DA00CA0142 /* Release */ = {
			isa = XCBuildConfiguration;
			buildSettings = {
				ALWAYS_SEARCH_USER_PATHS = NO;
				CLANG_ANALYZER_NONNULL = YES;
				CLANG_ANALYZER_NUMBER_OBJECT_CONVERSION = YES_AGGRESSIVE;
				CLANG_CXX_LANGUAGE_STANDARD = "gnu++14";
				CLANG_CXX_LIBRARY = "libc++";
				CLANG_ENABLE_MODULES = YES;
				CLANG_ENABLE_OBJC_ARC = YES;
				CLANG_ENABLE_OBJC_WEAK = YES;
				CLANG_WARN_BLOCK_CAPTURE_AUTORELEASING = YES;
				CLANG_WARN_BOOL_CONVERSION = YES;
				CLANG_WARN_COMMA = YES;
				CLANG_WARN_CONSTANT_CONVERSION = YES;
				CLANG_WARN_DEPRECATED_OBJC_IMPLEMENTATIONS = YES;
				CLANG_WARN_DIRECT_OBJC_ISA_USAGE = YES_ERROR;
				CLANG_WARN_DOCUMENTATION_COMMENTS = YES;
				CLANG_WARN_EMPTY_BODY = YES;
				CLANG_WARN_ENUM_CONVERSION = YES;
				CLANG_WARN_INFINITE_RECURSION = YES;
				CLANG_WARN_INT_CONVERSION = YES;
				CLANG_WARN_NON_LITERAL_NULL_CONVERSION = YES;
				CLANG_WARN_OBJC_IMPLICIT_RETAIN_SELF = YES;
				CLANG_WARN_OBJC_LITERAL_CONVERSION = YES;
				CLANG_WARN_OBJC_ROOT_CLASS = YES_ERROR;
				CLANG_WARN_RANGE_LOOP_ANALYSIS = YES;
				CLANG_WARN_STRICT_PROTOTYPES = YES;
				CLANG_WARN_SUSPICIOUS_MOVE = YES;
				CLANG_WARN_UNGUARDED_AVAILABILITY = YES_AGGRESSIVE;
				CLANG_WARN_UNREACHABLE_CODE = YES;
				CLANG_WARN__DUPLICATE_METHOD_MATCH = YES;
				CODE_SIGN_IDENTITY = "iPhone Developer";
				COPY_PHASE_STRIP = NO;
				DEBUG_INFORMATION_FORMAT = "dwarf-with-dsym";
				ENABLE_NS_ASSERTIONS = NO;
				ENABLE_STRICT_OBJC_MSGSEND = YES;
				GCC_C_LANGUAGE_STANDARD = gnu11;
				GCC_NO_COMMON_BLOCKS = YES;
				GCC_WARN_64_TO_32_BIT_CONVERSION = YES;
				GCC_WARN_ABOUT_RETURN_TYPE = YES_ERROR;
				GCC_WARN_UNDECLARED_SELECTOR = YES;
				GCC_WARN_UNINITIALIZED_AUTOS = YES_AGGRESSIVE;
				GCC_WARN_UNUSED_FUNCTION = YES;
				GCC_WARN_UNUSED_VARIABLE = YES;
				IPHONEOS_DEPLOYMENT_TARGET = 11.3;
				MTL_ENABLE_DEBUG_INFO = NO;
				SDKROOT = iphoneos;
				SWIFT_COMPILATION_MODE = wholemodule;
				SWIFT_OPTIMIZATION_LEVEL = "-O";
				VALIDATE_PRODUCT = YES;
			};
			name = Release;
		};
		2F8B5A27208781DA00CA0142 /* Debug */ = {
			isa = XCBuildConfiguration;
			baseConfigurationReference = 48E58732DE0E1DBE94250C93 /* Pods-dextraTest.debug.xcconfig */;
			buildSettings = {
				ASSETCATALOG_COMPILER_APPICON_NAME = AppIcon;
				CODE_SIGN_STYLE = Automatic;
				INFOPLIST_FILE = dextraTest/Info.plist;
				LD_RUNPATH_SEARCH_PATHS = (
					"$(inherited)",
					"@executable_path/Frameworks",
				);
				PRODUCT_BUNDLE_IDENTIFIER = com.mattcbr.dextraTest;
				PRODUCT_NAME = "$(TARGET_NAME)";
				SWIFT_OBJC_BRIDGING_HEADER = "dextraTest/dextraTest-Bridging-Header.h";
				SWIFT_VERSION = 4.0;
				TARGETED_DEVICE_FAMILY = "1,2";
			};
			name = Debug;
		};
		2F8B5A28208781DA00CA0142 /* Release */ = {
			isa = XCBuildConfiguration;
			baseConfigurationReference = D6B50707EE75BD2A5F95E927 /* Pods-dextraTest.release.xcconfig */;
			buildSettings = {
				ASSETCATALOG_COMPILER_APPICON_NAME = AppIcon;
				CODE_SIGN_STYLE = Automatic;
				INFOPLIST_FILE = dextraTest/Info.plist;
				LD_RUNPATH_SEARCH_PATHS = (
					"$(inherited)",
					"@executable_path/Frameworks",
				);
				PRODUCT_BUNDLE_IDENTIFIER = com.mattcbr.dextraTest;
				PRODUCT_NAME = "$(TARGET_NAME)";
				SWIFT_OBJC_BRIDGING_HEADER = "dextraTest/dextraTest-Bridging-Header.h";
				SWIFT_VERSION = 4.0;
				TARGETED_DEVICE_FAMILY = "1,2";
			};
			name = Release;
		};
		2F8B5A2A208781DA00CA0142 /* Debug */ = {
			isa = XCBuildConfiguration;
			buildSettings = {
				ALWAYS_EMBED_SWIFT_STANDARD_LIBRARIES = YES;
				BUNDLE_LOADER = "$(TEST_HOST)";
				CODE_SIGN_STYLE = Automatic;
				INFOPLIST_FILE = dextraTestTests/Info.plist;
				LD_RUNPATH_SEARCH_PATHS = (
					"$(inherited)",
					"@executable_path/Frameworks",
					"@loader_path/Frameworks",
				);
				PRODUCT_BUNDLE_IDENTIFIER = com.mattcbr.dextraTestTests;
				PRODUCT_NAME = "$(TARGET_NAME)";
				SWIFT_VERSION = 4.0;
				TARGETED_DEVICE_FAMILY = "1,2";
				TEST_HOST = "$(BUILT_PRODUCTS_DIR)/dextraTest.app/dextraTest";
			};
			name = Debug;
		};
		2F8B5A2B208781DA00CA0142 /* Release */ = {
			isa = XCBuildConfiguration;
			buildSettings = {
				ALWAYS_EMBED_SWIFT_STANDARD_LIBRARIES = YES;
				BUNDLE_LOADER = "$(TEST_HOST)";
				CODE_SIGN_STYLE = Automatic;
				INFOPLIST_FILE = dextraTestTests/Info.plist;
				LD_RUNPATH_SEARCH_PATHS = (
					"$(inherited)",
					"@executable_path/Frameworks",
					"@loader_path/Frameworks",
				);
				PRODUCT_BUNDLE_IDENTIFIER = com.mattcbr.dextraTestTests;
				PRODUCT_NAME = "$(TARGET_NAME)";
				SWIFT_VERSION = 4.0;
				TARGETED_DEVICE_FAMILY = "1,2";
				TEST_HOST = "$(BUILT_PRODUCTS_DIR)/dextraTest.app/dextraTest";
			};
			name = Release;
		};
		2F8B5A2D208781DA00CA0142 /* Debug */ = {
			isa = XCBuildConfiguration;
			buildSettings = {
				ALWAYS_EMBED_SWIFT_STANDARD_LIBRARIES = YES;
				CODE_SIGN_STYLE = Automatic;
				INFOPLIST_FILE = dextraTestUITests/Info.plist;
				LD_RUNPATH_SEARCH_PATHS = (
					"$(inherited)",
					"@executable_path/Frameworks",
					"@loader_path/Frameworks",
				);
				PRODUCT_BUNDLE_IDENTIFIER = com.mattcbr.dextraTestUITests;
				PRODUCT_NAME = "$(TARGET_NAME)";
				SWIFT_VERSION = 4.0;
				TARGETED_DEVICE_FAMILY = "1,2";
				TEST_TARGET_NAME = dextraTest;
			};
			name = Debug;
		};
		2F8B5A2E208781DA00CA0142 /* Release */ = {
			isa = XCBuildConfiguration;
			buildSettings = {
				ALWAYS_EMBED_SWIFT_STANDARD_LIBRARIES = YES;
				CODE_SIGN_STYLE = Automatic;
				INFOPLIST_FILE = dextraTestUITests/Info.plist;
				LD_RUNPATH_SEARCH_PATHS = (
					"$(inherited)",
					"@executable_path/Frameworks",
					"@loader_path/Frameworks",
				);
				PRODUCT_BUNDLE_IDENTIFIER = com.mattcbr.dextraTestUITests;
				PRODUCT_NAME = "$(TARGET_NAME)";
				SWIFT_VERSION = 4.0;
				TARGETED_DEVICE_FAMILY = "1,2";
				TEST_TARGET_NAME = dextraTest;
			};
			name = Release;
		};
/* End XCBuildConfiguration section */

/* Begin XCConfigurationList section */
		2F8B59F9208781D800CA0142 /* Build configuration list for PBXProject "dextraTest" */ = {
			isa = XCConfigurationList;
			buildConfigurations = (
				2F8B5A24208781DA00CA0142 /* Debug */,
				2F8B5A25208781DA00CA0142 /* Release */,
			);
			defaultConfigurationIsVisible = 0;
			defaultConfigurationName = Release;
		};
		2F8B5A26208781DA00CA0142 /* Build configuration list for PBXNativeTarget "dextraTest" */ = {
			isa = XCConfigurationList;
			buildConfigurations = (
				2F8B5A27208781DA00CA0142 /* Debug */,
				2F8B5A28208781DA00CA0142 /* Release */,
			);
			defaultConfigurationIsVisible = 0;
			defaultConfigurationName = Release;
		};
		2F8B5A29208781DA00CA0142 /* Build configuration list for PBXNativeTarget "dextraTestTests" */ = {
			isa = XCConfigurationList;
			buildConfigurations = (
				2F8B5A2A208781DA00CA0142 /* Debug */,
				2F8B5A2B208781DA00CA0142 /* Release */,
			);
			defaultConfigurationIsVisible = 0;
			defaultConfigurationName = Release;
		};
		2F8B5A2C208781DA00CA0142 /* Build configuration list for PBXNativeTarget "dextraTestUITests" */ = {
			isa = XCConfigurationList;
			buildConfigurations = (
				2F8B5A2D208781DA00CA0142 /* Debug */,
				2F8B5A2E208781DA00CA0142 /* Release */,
			);
			defaultConfigurationIsVisible = 0;
			defaultConfigurationName = Release;
		};
/* End XCConfigurationList section */
	};
	rootObject = 2F8B59F6208781D800CA0142 /* Project object */;
}
